<?xml version="1.0" encoding="utf-8"?>
<Project ToolsVersion="4.0" xmlns="http://schemas.microsoft.com/developer/msbuild/2003">
  <ItemGroup>
    <Filter Include="Source Files">
      <UniqueIdentifier>{4FC737F1-C7A5-4376-A066-2A32D752A2FF}</UniqueIdentifier>
      <Extensions>cpp;c;cc;cxx;def;odl;idl;hpj;bat;asm;asmx</Extensions>
    </Filter>
    <Filter Include="Header Files">
      <UniqueIdentifier>{93995380-89BD-4b04-88EB-625FBE52EBFB}</UniqueIdentifier>
      <Extensions>h;hh;hpp;hxx;hm;inl;inc;ipp;xsd</Extensions>
    </Filter>
    <Filter Include="Resource Files">
      <UniqueIdentifier>{67DA6AB6-F800-4c08-8B7A-83BB121AAD01}</UniqueIdentifier>
      <Extensions>rc;ico;cur;bmp;dlg;rc2;rct;bin;rgs;gif;jpg;jpeg;jpe;resx;tiff;tif;png;wav;mfcribbon-ms</Extensions>
    </Filter>
  </ItemGroup>
  <ItemGroup>
    <ClCompile Include="main.cpp">
      <Filter>Source Files</Filter>
    </ClCompile>
    <ClCompile Include="Sprite.cpp">
      <Filter>Source Files</Filter>
    </ClCompile>
    <ClCompile Include="Button.cpp">
      <Filter>Source Files</Filter>
    </ClCompile>
  </ItemGroup>
  <ItemGroup>
    <ClInclude Include="Sprite.h">
      <Filter>Header Files</Filter>
    </ClInclude>
    <ClInclude Include="Button.h">
      <Filter>Header Files</Filter>
    </ClInclude>
  </ItemGroup>
  <ItemGroup>
    <Image Include="..\PNG\Player\Limbs\arm.png">
      <Filter>Resource Files</Filter>
    </Image>
    <Image Include="..\PNG\Player\Limbs\body_back.png">
      <Filter>Resource Files</Filter>
    </Image>
    <Image Include="..\PNG\Player\Limbs\body_front.png">
      <Filter>Resource Files</Filter>
    </Image>
    <Image Include="..\PNG\Player\Limbs\hand.png">
      <Filter>Resource Files</Filter>
    </Image>
    <Image Include="..\PNG\Player\Limbs\head.png">
      <Filter>Resource Files</Filter>
    </Image>
    <Image Include="..\PNG\Player\Limbs\head_back.png">
      <Filter>Resource Files</Filter>
    </Image>
    <Image Include="..\PNG\Player\Limbs\head_focus.png">
      <Filter>Resource Files</Filter>
    </Image>
    <Image Include="..\PNG\Player\Limbs\head_hurt.png">
      <Filter>Resource Files</Filter>
    </Image>
    <Image Include="..\PNG\Player\Limbs\leg.png">
      <Filter>Resource Files</Filter>
    </Image>
    <Image Include="..\PNG\Player\Poses\player_walk1.png">
      <Filter>Resource Files</Filter>
    </Image>
    <Image Include="..\PNG\Player\Poses\player_walk2.png">
      <Filter>Resource Files</Filter>
    </Image>
    <Image Include="..\PNG\Player\Poses\player_action1.png">
      <Filter>Resource Files</Filter>
    </Image>
    <Image Include="..\PNG\Player\Poses\player_action2.png">
      <Filter>Resource Files</Filter>
    </Image>
    <Image Include="..\PNG\Player\Poses\player_back.png">
      <Filter>Resource Files</Filter>
    </Image>
    <Image Include="..\PNG\Player\Poses\player_cheer1.png">
      <Filter>Resource Files</Filter>
    </Image>
    <Image Include="..\PNG\Player\Poses\player_cheer2.png">
      <Filter>Resource Files</Filter>
    </Image>
    <Image Include="..\PNG\Player\Poses\player_climb1.png">
      <Filter>Resource Files</Filter>
    </Image>
    <Image Include="..\PNG\Player\Poses\player_climb2.png">
      <Filter>Resource Files</Filter>
    </Image>
    <Image Include="..\PNG\Player\Poses\player_duck.png">
      <Filter>Resource Files</Filter>
    </Image>
    <Image Include="..\PNG\Player\Poses\player_fall.png">
      <Filter>Resource Files</Filter>
    </Image>
    <Image Include="..\PNG\Player\Poses\player_hang.png">
      <Filter>Resource Files</Filter>
    </Image>
    <Image Include="..\PNG\Player\Poses\player_hold1.png">
      <Filter>Resource Files</Filter>
    </Image>
    <Image Include="..\PNG\Player\Poses\player_hold2.png">
      <Filter>Resource Files</Filter>
    </Image>
    <Image Include="..\PNG\Player\Poses\player_hurt.png">
      <Filter>Resource Files</Filter>
    </Image>
    <Image Include="..\PNG\Player\Poses\player_idle.png">
      <Filter>Resource Files</Filter>
    </Image>
    <Image Include="..\PNG\Player\Poses\player_jump.png">
      <Filter>Resource Files</Filter>
    </Image>
    <Image Include="..\PNG\Player\Poses\player_kick.png">
      <Filter>Resource Files</Filter>
    </Image>
    <Image Include="..\PNG\Player\Poses\player_skid.png">
      <Filter>Resource Files</Filter>
    </Image>
    <Image Include="..\PNG\Player\Poses\player_slide.png">
      <Filter>Resource Files</Filter>
    </Image>
    <Image Include="..\PNG\Player\Poses\player_stand.png">
      <Filter>Resource Files</Filter>
    </Image>
    <Image Include="..\PNG\Player\Poses\player_swim1.png">
      <Filter>Resource Files</Filter>
    </Image>
    <Image Include="..\PNG\Player\Poses\player_swim2.png">
      <Filter>Resource Files</Filter>
    </Image>
    <Image Include="..\PNG\Player\Poses\player_talk.png">
      <Filter>Resource Files</Filter>
    </Image>
    <Image Include="..\PNG\blue_button07.png">
      <Filter>Resource Files</Filter>
    </Image>
  </ItemGroup>
</Project>